
Microsoft Visual Studio Solution File, Format Version 12.00
Project("{FAE04EC0-301F-11D3-BF4B-00C04F79EFBC}") = "testb", "testb\testb.csproj", "{87BC7837-61B0-4F02-8E5C-B18ED9F4055C}"
EndProject
Global
	GlobalSection(SolutionConfigurationPlatforms) = preSolution
		Debug|Any CPU = Debug|Any CPU
		Release|Any CPU = Release|Any CPU
	EndGlobalSection
	GlobalSection(ProjectConfigurationPlatforms) = postSolution
		{87BC7837-61B0-4F02-8E5C-B18ED9F4055C}.Debug|Any CPU.ActiveCfg = Debug|Any CPU
		{87BC7837-61B0-4F02-8E5C-B18ED9F4055C}.Debug|Any CPU.Build.0 = Debug|Any CPU
		{87BC7837-61B0-4F02-8E5C-B18ED9F4055C}.Release|Any CPU.ActiveCfg = Release|Any CPU
		{87BC7837-61B0-4F02-8E5C-B18ED9F4055C}.Release|Any CPU.Build.0 = Release|Any CPU
	EndGlobalSection
EndGlobal
